// !$*UTF8*$!
{
	archiveVersion = 1;
	classes = {
	};
	objectVersion = 46;
	objects = {

/* Begin PBXBuildFile section */
		18049FE11ECBDAA50059A7B5 /* PencilBrush.swift in Sources */ = {isa = PBXBuildFile; fileRef = 18049FE01ECBDAA50059A7B5 /* PencilBrush.swift */; };
		1804A0011ECBEC030059A7B5 /* EraserBrush.swift in Sources */ = {isa = PBXBuildFile; fileRef = 1804A0001ECBEC030059A7B5 /* EraserBrush.swift */; };
		18A453A41EC9D83F00F9FC9A /* createViewController.swift in Sources */ = {isa = PBXBuildFile; fileRef = 18A453A31EC9D83F00F9FC9A /* createViewController.swift */; };
		18A453A61EC9DE7900F9FC9A /* board.swift in Sources */ = {isa = PBXBuildFile; fileRef = 18A453A51EC9DE7900F9FC9A /* board.swift */; };
		18A453A81EC9E4A400F9FC9A /* BaseBrush.swift in Sources */ = {isa = PBXBuildFile; fileRef = 18A453A71EC9E4A400F9FC9A /* BaseBrush.swift */; };
		18F848881EB20B7A000CBA6C /* AppDelegate.swift in Sources */ = {isa = PBXBuildFile; fileRef = 18F848871EB20B7A000CBA6C /* AppDelegate.swift */; };
		18F8488A1EB20B7A000CBA6C /* ViewController.swift in Sources */ = {isa = PBXBuildFile; fileRef = 18F848891EB20B7A000CBA6C /* ViewController.swift */; };
		18F8488D1EB20B7A000CBA6C /* Main.storyboard in Resources */ = {isa = PBXBuildFile; fileRef = 18F8488B1EB20B7A000CBA6C /* Main.storyboard */; };
		18F8488F1EB20B7A000CBA6C /* Assets.xcassets in Resources */ = {isa = PBXBuildFile; fileRef = 18F8488E1EB20B7A000CBA6C /* Assets.xcassets */; };
		18F848921EB20B7A000CBA6C /* LaunchScreen.storyboard in Resources */ = {isa = PBXBuildFile; fileRef = 18F848901EB20B7A000CBA6C /* LaunchScreen.storyboard */; };
		18FFDDCA1ECD3BE700EFF146 /* fileCell.swift in Sources */ = {isa = PBXBuildFile; fileRef = 18FFDDC91ECD3BE700EFF146 /* fileCell.swift */; };
		18FFDDCC1ECD452D00EFF146 /* File.swift in Sources */ = {isa = PBXBuildFile; fileRef = 18FFDDCB1ECD452D00EFF146 /* File.swift */; };
		18FFDDCE1ECD48BF00EFF146 /* pictureTableViewController.swift in Sources */ = {isa = PBXBuildFile; fileRef = 18FFDDCD1ECD48BF00EFF146 /* pictureTableViewController.swift */; };
/* End PBXBuildFile section */

/* Begin PBXFileReference section */
		18049FE01ECBDAA50059A7B5 /* PencilBrush.swift */ = {isa = PBXFileReference; fileEncoding = 4; lastKnownFileType = sourcecode.swift; path = PencilBrush.swift; sourceTree = "<group>"; };
		1804A0001ECBEC030059A7B5 /* EraserBrush.swift */ = {isa = PBXFileReference; fileEncoding = 4; lastKnownFileType = sourcecode.swift; path = EraserBrush.swift; sourceTree = "<group>"; };
		18A453A31EC9D83F00F9FC9A /* createViewController.swift */ = {isa = PBXFileReference; fileEncoding = 4; lastKnownFileType = sourcecode.swift; path = createViewController.swift; sourceTree = "<group>"; };
		18A453A51EC9DE7900F9FC9A /* board.swift */ = {isa = PBXFileReference; fileEncoding = 4; lastKnownFileType = sourcecode.swift; path = board.swift; sourceTree = "<group>"; };
		18A453A71EC9E4A400F9FC9A /* BaseBrush.swift */ = {isa = PBXFileReference; fileEncoding = 4; lastKnownFileType = sourcecode.swift; path = BaseBrush.swift; sourceTree = "<group>"; };
		18F848841EB20B7A000CBA6C /* notebook.app */ = {isa = PBXFileReference; explicitFileType = wrapper.application; includeInIndex = 0; path = notebook.app; sourceTree = BUILT_PRODUCTS_DIR; };
		18F848871EB20B7A000CBA6C /* AppDelegate.swift */ = {isa = PBXFileReference; lastKnownFileType = sourcecode.swift; path = AppDelegate.swift; sourceTree = "<group>"; };
		18F848891EB20B7A000CBA6C /* ViewController.swift */ = {isa = PBXFileReference; lastKnownFileType = sourcecode.swift; path = ViewController.swift; sourceTree = "<group>"; };
		18F8488C1EB20B7A000CBA6C /* Base */ = {isa = PBXFileReference; lastKnownFileType = file.storyboard; name = Base; path = Base.lproj/Main.storyboard; sourceTree = "<group>"; };
		18F8488E1EB20B7A000CBA6C /* Assets.xcassets */ = {isa = PBXFileReference; lastKnownFileType = folder.assetcatalog; path = Assets.xcassets; sourceTree = "<group>"; };
		18F848911EB20B7A000CBA6C /* Base */ = {isa = PBXFileReference; lastKnownFileType = file.storyboard; name = Base; path = Base.lproj/LaunchScreen.storyboard; sourceTree = "<group>"; };
		18F848931EB20B7A000CBA6C /* Info.plist */ = {isa = PBXFileReference; lastKnownFileType = text.plist.xml; path = Info.plist; sourceTree = "<group>"; };
		18FFDDC91ECD3BE700EFF146 /* fileCell.swift */ = {isa = PBXFileReference; fileEncoding = 4; lastKnownFileType = sourcecode.swift; path = fileCell.swift; sourceTree = "<group>"; };
		18FFDDCB1ECD452D00EFF146 /* File.swift */ = {isa = PBXFileReference; fileEncoding = 4; lastKnownFileType = sourcecode.swift; path = File.swift; sourceTree = "<group>"; };
		18FFDDCD1ECD48BF00EFF146 /* pictureTableViewController.swift */ = {isa = PBXFileReference; fileEncoding = 4; lastKnownFileType = sourcecode.swift; path = pictureTableViewController.swift; sourceTree = "<group>"; };
/* End PBXFileReference section */

/* Begin PBXFrameworksBuildPhase section */
		18F848811EB20B7A000CBA6C /* Frameworks */ = {
			isa = PBXFrameworksBuildPhase;
			buildActionMask = 2147483647;
			files = (
			);
			runOnlyForDeploymentPostprocessing = 0;
		};
/* End PBXFrameworksBuildPhase section */

/* Begin PBXGroup section */
		18F8487B1EB20B7A000CBA6C = {
			isa = PBXGroup;
			children = (
				18F848861EB20B7A000CBA6C /* notebook */,
				18F848851EB20B7A000CBA6C /* Products */,
			);
			sourceTree = "<group>";
		};
		18F848851EB20B7A000CBA6C /* Products */ = {
			isa = PBXGroup;
			children = (
				18F848841EB20B7A000CBA6C /* notebook.app */,
			);
			name = Products;
			sourceTree = "<group>";
		};
		18F848861EB20B7A000CBA6C /* notebook */ = {
			isa = PBXGroup;
			children = (
				18FFDDD11ECD4EDB00EFF146 /* mainframe */,
				18FFDDD01ECD4EC100EFF146 /* picture */,
				18FFDDCF1ECD4E8D00EFF146 /* draw */,
				18F8488E1EB20B7A000CBA6C /* Assets.xcassets */,
				18F8488B1EB20B7A000CBA6C /* Main.storyboard */,
				18F848901EB20B7A000CBA6C /* LaunchScreen.storyboard */,
				18F848931EB20B7A000CBA6C /* Info.plist */,
			);
			path = notebook;
			sourceTree = "<group>";
		};
		18FFDDCF1ECD4E8D00EFF146 /* draw */ = {
			isa = PBXGroup;
			children = (
				18A453A31EC9D83F00F9FC9A /* createViewController.swift */,
				18A453A71EC9E4A400F9FC9A /* BaseBrush.swift */,
				18049FE01ECBDAA50059A7B5 /* PencilBrush.swift */,
				18A453A51EC9DE7900F9FC9A /* board.swift */,
				1804A0001ECBEC030059A7B5 /* EraserBrush.swift */,
			);
			name = draw;
			sourceTree = "<group>";
		};
		18FFDDD01ECD4EC100EFF146 /* picture */ = {
			isa = PBXGroup;
			children = (
				18FFDDCB1ECD452D00EFF146 /* File.swift */,
				18FFDDC91ECD3BE700EFF146 /* fileCell.swift */,
				18FFDDCD1ECD48BF00EFF146 /* pictureTableViewController.swift */,
			);
			name = picture;
			sourceTree = "<group>";
		};
		18FFDDD11ECD4EDB00EFF146 /* mainframe */ = {
			isa = PBXGroup;
			children = (
				18F848871EB20B7A000CBA6C /* AppDelegate.swift */,
				18F848891EB20B7A000CBA6C /* ViewController.swift */,
			);
			name = mainframe;
			sourceTree = "<group>";
		};
/* End PBXGroup section */

/* Begin PBXNativeTarget section */
		18F848831EB20B7A000CBA6C /* notebook */ = {
			isa = PBXNativeTarget;
			buildConfigurationList = 18F848961EB20B7A000CBA6C /* Build configuration list for PBXNativeTarget "notebook" */;
			buildPhases = (
				18F848801EB20B7A000CBA6C /* Sources */,
				18F848811EB20B7A000CBA6C /* Frameworks */,
				18F848821EB20B7A000CBA6C /* Resources */,
			);
			buildRules = (
			);
			dependencies = (
			);
			name = notebook;
			productName = notebook;
			productReference = 18F848841EB20B7A000CBA6C /* notebook.app */;
			productType = "com.apple.product-type.application";
		};
/* End PBXNativeTarget section */

/* Begin PBXProject section */
		18F8487C1EB20B7A000CBA6C /* Project object */ = {
			isa = PBXProject;
			attributes = {
				LastSwiftUpdateCheck = 0830;
				LastUpgradeCheck = 0830;
				ORGANIZATIONNAME = "zhijian corporation";
				TargetAttributes = {
					18F848831EB20B7A000CBA6C = {
						CreatedOnToolsVersion = 8.3.2;
						ProvisioningStyle = Automatic;
					};
				};
			};
			buildConfigurationList = 18F8487F1EB20B7A000CBA6C /* Build configuration list for PBXProject "notebook" */;
			compatibilityVersion = "Xcode 3.2";
			developmentRegion = English;
			hasScannedForEncodings = 0;
			knownRegions = (
				en,
				Base,
			);
			mainGroup = 18F8487B1EB20B7A000CBA6C;
			productRefGroup = 18F848851EB20B7A000CBA6C /* Products */;
			projectDirPath = "";
			projectRoot = "";
			targets = (
				18F848831EB20B7A000CBA6C /* notebook */,
			);
		};
/* End PBXProject section */

/* Begin PBXResourcesBuildPhase section */
		18F848821EB20B7A000CBA6C /* Resources */ = {
			isa = PBXResourcesBuildPhase;
			buildActionMask = 2147483647;
			files = (
				18F848921EB20B7A000CBA6C /* LaunchScreen.storyboard in Resources */,
				18F8488F1EB20B7A000CBA6C /* Assets.xcassets in Resources */,
				18F8488D1EB20B7A000CBA6C /* Main.storyboard in Resources */,
			);
			runOnlyForDeploymentPostprocessing = 0;
		};
/* End PBXResourcesBuildPhase section */

/* Begin PBXSourcesBuildPhase section */
		18F848801EB20B7A000CBA6C /* Sources */ = {
			isa = PBXSourcesBuildPhase;
			buildActionMask = 2147483647;
			files = (
				1804A0011ECBEC030059A7B5 /* EraserBrush.swift in Sources */,
				18A453A81EC9E4A400F9FC9A /* BaseBrush.swift in Sources */,
				18F8488A1EB20B7A000CBA6C /* ViewController.swift in Sources */,
				18A453A41EC9D83F00F9FC9A /* createViewController.swift in Sources */,
				18FFDDCC1ECD452D00EFF146 /* File.swift in Sources */,
				18FFDDCA1ECD3BE700EFF146 /* fileCell.swift in Sources */,
				18FFDDCE1ECD48BF00EFF146 /* pictureTableViewController.swift in Sources */,
				18A453A61EC9DE7900F9FC9A /* board.swift in Sources */,
				18F848881EB20B7A000CBA6C /* AppDelegate.swift in Sources */,
				18049FE11ECBDAA50059A7B5 /* PencilBrush.swift in Sources */,
			);
			runOnlyForDeploymentPostprocessing = 0;
		};
/* End PBXSourcesBuildPhase section */

/* Begin PBXVariantGroup section */
		18F8488B1EB20B7A000CBA6C /* Main.storyboard */ = {
			isa = PBXVariantGroup;
			children = (
				18F8488C1EB20B7A000CBA6C /* Base */,
			);
			name = Main.storyboard;
			sourceTree = "<group>";
		};
		18F848901EB20B7A000CBA6C /* LaunchScreen.storyboard */ = {
			isa = PBXVariantGroup;
			children = (
				18F848911EB20B7A000CBA6C /* Base */,
			);
			name = LaunchScreen.storyboard;
			sourceTree = "<group>";
		};
/* End PBXVariantGroup section */

/* Begin XCBuildConfiguration section */
		18F848941EB20B7A000CBA6C /* Debug */ = {
			isa = XCBuildConfiguration;
			buildSettings = {
				ALWAYS_SEARCH_USER_PATHS = NO;
				CLANG_ANALYZER_NONNULL = YES;
				CLANG_ANALYZER_NUMBER_OBJECT_CONVERSION = YES_AGGRESSIVE;
				CLANG_CXX_LANGUAGE_STANDARD = "gnu++0x";
				CLANG_CXX_LIBRARY = "libc++";
				CLANG_ENABLE_MODULES = YES;
				CLANG_ENABLE_OBJC_ARC = YES;
				CLANG_WARN_BOOL_CONVERSION = YES;
				CLANG_WARN_CONSTANT_CONVERSION = YES;
				CLANG_WARN_DIRECT_OBJC_ISA_USAGE = YES_ERROR;
				CLANG_WARN_DOCUMENTATION_COMMENTS = YES;
				CLANG_WARN_EMPTY_BODY = YES;
				CLANG_WARN_ENUM_CONVERSION = YES;
				CLANG_WARN_INFINITE_RECURSION = YES;
				CLANG_WARN_INT_CONVERSION = YES;
				CLANG_WARN_OBJC_ROOT_CLASS = YES_ERROR;
				CLANG_WARN_SUSPICIOUS_MOVE = YES;
				CLANG_WARN_UNREACHABLE_CODE = YES;
				CLANG_WARN__DUPLICATE_METHOD_MATCH = YES;
				"CODE_SIGN_IDENTITY[sdk=iphoneos*]" = "iPhone Developer";
				COPY_PHASE_STRIP = NO;
				DEBUG_INFORMATION_FORMAT = dwarf;
				ENABLE_STRICT_OBJC_MSGSEND = YES;
				ENABLE_TESTABILITY = YES;
				GCC_C_LANGUAGE_STANDARD = gnu99;
				GCC_DYNAMIC_NO_PIC = NO;
				GCC_NO_COMMON_BLOCKS = YES;
				GCC_OPTIMIZATION_LEVEL = 0;
				GCC_PREPROCESSOR_DEFINITIONS = (
					"DEBUG=1",
					"$(inherited)",
				);
				GCC_WARN_64_TO_32_BIT_CONVERSION = YES;
				GCC_WARN_ABOUT_RETURN_TYPE = YES_ERROR;
				GCC_WARN_UNDECLARED_SELECTOR = YES;
				GCC_WARN_UNINITIALIZED_AUTOS = YES_AGGRESSIVE;
				GCC_WARN_UNUSED_FUNCTION = YES;
				GCC_WARN_UNUSED_VARIABLE = YES;
				IPHONEOS_DEPLOYMENT_TARGET = 10.3;
				MTL_ENABLE_DEBUG_INFO = YES;
				ONLY_ACTIVE_ARCH = YES;
				SDKROOT = iphoneos;
				SWIFT_ACTIVE_COMPILATION_CONDITIONS = DEBUG;
				SWIFT_OPTIMIZATION_LEVEL = "-Onone";
				TARGETED_DEVICE_FAMILY = "1,2";
			};
			name = Debug;
		};
		18F848951EB20B7A000CBA6C /* Release */ = {
			isa = XCBuildConfiguration;
			buildSettings = {
				ALWAYS_SEARCH_USER_PATHS = NO;
				CLANG_ANALYZER_NONNULL = YES;
				CLANG_ANALYZER_NUMBER_OBJECT_CONVERSION = YES_AGGRESSIVE;
				CLANG_CXX_LANGUAGE_STANDARD = "gnu++0x";
				CLANG_CXX_LIBRARY = "libc++";
				CLANG_ENABLE_MODULES = YES;
				CLANG_ENABLE_OBJC_ARC = YES;
				CLANG_WARN_BOOL_CONVERSION = YES;
				CLANG_WARN_CONSTANT_CONVERSION = YES;
				CLANG_WARN_DIRECT_OBJC_ISA_USAGE = YES_ERROR;
				CLANG_WARN_DOCUMENTATION_COMMENTS = YES;
				CLANG_WARN_EMPTY_BODY = YES;
				CLANG_WARN_ENUM_CONVERSION = YES;
				CLANG_WARN_INFINITE_RECURSION = YES;
				CLANG_WARN_INT_CONVERSION = YES;
				CLANG_WARN_OBJC_ROOT_CLASS = YES_ERROR;
				CLANG_WARN_SUSPICIOUS_MOVE = YES;
				CLANG_WARN_UNREACHABLE_CODE = YES;
				CLANG_WARN__DUPLICATE_METHOD_MATCH = YES;
				"CODE_SIGN_IDENTITY[sdk=iphoneos*]" = "iPhone Developer";
				COPY_PHASE_STRIP = NO;
				DEBUG_INFORMATION_FORMAT = "dwarf-with-dsym";
				ENABLE_NS_ASSERTIONS = NO;
				ENABLE_STRICT_OBJC_MSGSEND = YES;
				GCC_C_LANGUAGE_STANDARD = gnu99;
				GCC_NO_COMMON_BLOCKS = YES;
				GCC_WARN_64_TO_32_BIT_CONVERSION = YES;
				GCC_WARN_ABOUT_RETURN_TYPE = YES_ERROR;
				GCC_WARN_UNDECLARED_SELECTOR = YES;
				GCC_WARN_UNINITIALIZED_AUTOS = YES_AGGRESSIVE;
				GCC_WARN_UNUSED_FUNCTION = YES;
				GCC_WARN_UNUSED_VARIABLE = YES;
				IPHONEOS_DEPLOYMENT_TARGET = 10.3;
				MTL_ENABLE_DEBUG_INFO = NO;
				SDKROOT = iphoneos;
				SWIFT_OPTIMIZATION_LEVEL = "-Owholemodule";
				TARGETED_DEVICE_FAMILY = "1,2";
				VALIDATE_PRODUCT = YES;
			};
			name = Release;
		};
		18F848971EB20B7A000CBA6C /* Debug */ = {
			isa = XCBuildConfiguration;
			buildSettings = {
				ASSETCATALOG_COMPILER_APPICON_NAME = AppIcon;
				INFOPLIST_FILE = notebook/Info.plist;
				LD_RUNPATH_SEARCH_PATHS = "$(inherited) @executable_path/Frameworks";
				PRODUCT_BUNDLE_IDENTIFIER = cn.edu.nju.notebook;
				PRODUCT_NAME = "$(TARGET_NAME)";
				SWIFT_VERSION = 3.0;
			};
			name = Debug;
		};
		18F848981EB20B7A000CBA6C /* Release */ = {
			isa = XCBuildConfiguration;
			buildSettings = {
				ASSETCATALOG_COMPILER_APPICON_NAME = AppIcon;
				INFOPLIST_FILE = notebook/Info.plist;
				LD_RUNPATH_SEARCH_PATHS = "$(inherited) @executable_path/Frameworks";
				PRODUCT_BUNDLE_IDENTIFIER = cn.edu.nju.notebook;
				PRODUCT_NAME = "$(TARGET_NAME)";
				SWIFT_VERSION = 3.0;
			};
			name = Release;
		};
/* End XCBuildConfiguration section */

/* Begin XCConfigurationList section */
		18F8487F1EB20B7A000CBA6C /* Build configuration list for PBXProject "notebook" */ = {
			isa = XCConfigurationList;
			buildConfigurations = (
				18F848941EB20B7A000CBA6C /* Debug */,
				18F848951EB20B7A000CBA6C /* Release */,
			);
			defaultConfigurationIsVisible = 0;
			defaultConfigurationName = Release;
		};
		18F848961EB20B7A000CBA6C /* Build configuration list for PBXNativeTarget "notebook" */ = {
			isa = XCConfigurationList;
			buildConfigurations = (
				18F848971EB20B7A000CBA6C /* Debug */,
				18F848981EB20B7A000CBA6C /* Release */,
			);
			defaultConfigurationIsVisible = 0;
			defaultConfigurationName = Release;
		};
/* End XCConfigurationList section */
	};
	rootObject = 18F8487C1EB20B7A000CBA6C /* Project object */;
}
